
Microsoft Visual Studio Solution File, Format Version 12.00
# Visual Studio Version 17
VisualStudioVersion = 17.4.33403.182
MinimumVisualStudioVersion = 10.0.40219.1
Project("{FAE04EC0-301F-11D3-BF4B-00C04F79EFBC}") = "HotelBookingApi", "HotelBookingApi\HotelBookingApi.csproj", "{38C22D29-AE7D-494D-A2CD-CE715692C226}"
EndProject
Global
	GlobalSection(SolutionConfigurationPlatforms) = preSolution
		Debug|Any CPU = Debug|Any CPU
		Release|Any CPU = Release|Any CPU
	EndGlobalSection
	GlobalSection(ProjectConfigurationPlatforms) = postSolution
		{38C22D29-AE7D-494D-A2CD-CE715692C226}.Debug|Any CPU.ActiveCfg = Debug|Any CPU
		{38C22D29-AE7D-494D-A2CD-CE715692C226}.Debug|Any CPU.Build.0 = Debug|Any CPU
		{38C22D29-AE7D-494D-A2CD-CE715692C226}.Release|Any CPU.ActiveCfg = Release|Any CPU
		{38C22D29-AE7D-494D-A2CD-CE715692C226}.Release|Any CPU.Build.0 = Release|Any CPU
	EndGlobalSection
	GlobalSection(SolutionProperties) = preSolution
		HideSolutionNode = FALSE
	EndGlobalSection
	GlobalSection(ExtensibilityGlobals) = postSolution
		SolutionGuid = {45C9DDDE-90BE-4237-AB31-E54054F60926}
	EndGlobalSection
EndGlobal
